
Microsoft Visual Studio Solution File, Format Version 12.00
# Visual Studio Version 17
VisualStudioVersion = 17.0.32112.339
MinimumVisualStudioVersion = 10.0.40219.1
Project("{9A19103F-16F7-4668-BE54-9A1E7A4F7556}") = "HacekrRank", "HacekrRank\HacekrRank.csproj", "{D6679B41-BE47-4120-A1F3-2682BF623C48}"
EndProject
Project("{9A19103F-16F7-4668-BE54-9A1E7A4F7556}") = "HackerRank_List", "HackerRank_List\HackerRank_List.csproj", "{78A6087C-18D8-4BC2-80D3-9EB3199F5BF6}"
EndProject
Project("{9A19103F-16F7-4668-BE54-9A1E7A4F7556}") = "Pattern1", "Pattern1\Pattern1.csproj", "{63F970C8-991E-4AE8-833F-5E44D6AE8242}"
EndProject
Project("{9A19103F-16F7-4668-BE54-9A1E7A4F7556}") = "Print_Upto_N_Without_Loop", "Print_Upto_N_Without_Loop\Print_Upto_N_Without_Loop.csproj", "{77A70068-BFD8-4673-BB62-5B3EECA5E917}"
EndProject
Project("{9A19103F-16F7-4668-BE54-9A1E7A4F7556}") = "Pattern2", "Pattern2\Pattern2.csproj", "{90853984-759B-4560-9C43-1D60D47EC722}"
EndProject
Project("{9A19103F-16F7-4668-BE54-9A1E7A4F7556}") = "Decode_ASCII", "Decode_ASCII\Decode_ASCII.csproj", "{004AEC76-E0B9-4D51-92CE-5D47DE24713A}"
EndProject
Project("{9A19103F-16F7-4668-BE54-9A1E7A4F7556}") = "UniqueUserNameSystem", "UniqueUserNameSystem\UniqueUserNameSystem.csproj", "{18C80FFD-01EB-4FCD-BB56-57008302201D}"
EndProject
Project("{9A19103F-16F7-4668-BE54-9A1E7A4F7556}") = "Find_N_In_Arrat", "Find_N_In_Arrat\Find_N_In_Arrat.csproj", "{10D30485-A915-44E2-B00D-0FD69F05690C}"
EndProject
Project("{9A19103F-16F7-4668-BE54-9A1E7A4F7556}") = "PaperCuts", "PaperCuts\PaperCuts.csproj", "{868FFF06-99A5-4DEC-8DC2-70CBF8CE16DC}"
EndProject
Project("{9A19103F-16F7-4668-BE54-9A1E7A4F7556}") = "2ndLargestElementInArray", "2ndLargestElementInArray\2ndLargestElementInArray.csproj", "{F258B40D-2188-4054-9996-51AD5A14740B}"
EndProject
Project("{9A19103F-16F7-4668-BE54-9A1E7A4F7556}") = "SubArraySum", "SubArraySum\SubArraySum.csproj", "{B4EFE186-AA8F-47BB-8496-2D6D93B593DE}"
EndProject
Project("{9A19103F-16F7-4668-BE54-9A1E7A4F7556}") = "Get_Non_Repeating_Character", "Get_Non_Repeating_Character\Get_Non_Repeating_Character.csproj", "{E40B139D-389F-4975-B55F-B2D7DEFAA473}"
EndProject
Project("{9A19103F-16F7-4668-BE54-9A1E7A4F7556}") = "ReverseString_Without_Changing_Sp_Char", "ReverseString_Without_Changing_Sp_Char\ReverseString_Without_Changing_Sp_Char.csproj", "{CB5BBD1B-CE75-4306-A1A7-FEA7E105BDDF}"
EndProject
Project("{9A19103F-16F7-4668-BE54-9A1E7A4F7556}") = "CountAnimals", "CountAnimals\CountAnimals.csproj", "{C6B3B5C4-6564-4180-B18B-2845ACD9C111}"
EndProject
Project("{9A19103F-16F7-4668-BE54-9A1E7A4F7556}") = "Reverse_Number_String", "Reverse_Number_String\Reverse_Number_String.csproj", "{B40C43A9-D199-46B0-8D3B-2D93BC1ECE2B}"
EndProject
Project("{9A19103F-16F7-4668-BE54-9A1E7A4F7556}") = "Swap_Without_3rd_Var", "Swap_Without_3rd_Var\Swap_Without_3rd_Var.csproj", "{D3B8C47A-DA92-4825-B1D7-BEC8D0756A62}"
EndProject
Project("{FAE04EC0-301F-11D3-BF4B-00C04F79EFBC}") = "UBS_Count_Fountains", "UBS_Count_Fountains\UBS_Count_Fountains.csproj", "{CAA3990A-639A-46AB-95C7-B17211CE9F66}"
EndProject
Project("{FAE04EC0-301F-11D3-BF4B-00C04F79EFBC}") = "UBS_Binary_To_Decimal", "UBS_Binary_To_Decimal\UBS_Binary_To_Decimal.csproj", "{69F84504-6ACF-4C9D-824B-0D88E6543B8A}"
EndProject
Project("{FAE04EC0-301F-11D3-BF4B-00C04F79EFBC}") = "UBS_Word_Seq_All_Anagrams", "UBS_Word_Seq_All_Anagrams\UBS_Word_Seq_All_Anagrams.csproj", "{27373D50-6967-4CF3-BF0A-E00015D5D37F}"
EndProject
Project("{FAE04EC0-301F-11D3-BF4B-00C04F79EFBC}") = "UBS_Normal_Characters", "UBS_Normal_Characters\UBS_Normal_Characters.csproj", "{0FAE1EA9-2962-4B40-83F8-DF00ACC0C4D5}"
EndProject
Project("{FAE04EC0-301F-11D3-BF4B-00C04F79EFBC}") = "UBS_Palindrome_Or_Not", "UBS_Palindrome_Or_Not\UBS_Palindrome_Or_Not.csproj", "{0CF71622-0BD7-4B77-AB2C-A70A75A2BB2B}"
EndProject
Project("{FAE04EC0-301F-11D3-BF4B-00C04F79EFBC}") = "UBS_Sum_Of_First_N_Prime", "UBS_Sum_Of_First_N_Prime\UBS_Sum_Of_First_N_Prime.csproj", "{784C2B3B-061B-4D43-8C6B-B8710829F5AA}"
EndProject
Project("{FAE04EC0-301F-11D3-BF4B-00C04F79EFBC}") = "UBS_Reaching_A_Point", "UBS_Reaching_A_Point\UBS_Reaching_A_Point.csproj", "{37B13845-D0E4-441F-AC6B-DE0B651692BF}"
EndProject
Project("{FAE04EC0-301F-11D3-BF4B-00C04F79EFBC}") = "UBS_Print_Palindrome_In_Range", "UBS_Print_Palindrome_In_Range\UBS_Print_Palindrome_In_Range.csproj", "{ECEABA12-5900-4717-88BD-3CEFFD26FCED}"
EndProject
Project("{FAE04EC0-301F-11D3-BF4B-00C04F79EFBC}") = "UBS_Is_Digi_Alpha_Special", "UBS_Is_Digi_Alpha_Special\UBS_Is_Digi_Alpha_Special.csproj", "{764DE5F0-F791-4044-9AC1-BC9E30D1865C}"
EndProject
Project("{FAE04EC0-301F-11D3-BF4B-00C04F79EFBC}") = "Chocolate_Distribution", "Chocolate_Distribution\Chocolate_Distribution.csproj", "{83A9BEC5-FB29-4FF9-A0C1-4A1D67730EDE}"
EndProject
Global
	GlobalSection(SolutionConfigurationPlatforms) = preSolution
		Debug|Any CPU = Debug|Any CPU
		Release|Any CPU = Release|Any CPU
	EndGlobalSection
	GlobalSection(ProjectConfigurationPlatforms) = postSolution
		{D6679B41-BE47-4120-A1F3-2682BF623C48}.Debug|Any CPU.ActiveCfg = Debug|Any CPU
		{D6679B41-BE47-4120-A1F3-2682BF623C48}.Debug|Any CPU.Build.0 = Debug|Any CPU
		{D6679B41-BE47-4120-A1F3-2682BF623C48}.Release|Any CPU.ActiveCfg = Release|Any CPU
		{D6679B41-BE47-4120-A1F3-2682BF623C48}.Release|Any CPU.Build.0 = Release|Any CPU
		{78A6087C-18D8-4BC2-80D3-9EB3199F5BF6}.Debug|Any CPU.ActiveCfg = Debug|Any CPU
		{78A6087C-18D8-4BC2-80D3-9EB3199F5BF6}.Debug|Any CPU.Build.0 = Debug|Any CPU
		{78A6087C-18D8-4BC2-80D3-9EB3199F5BF6}.Release|Any CPU.ActiveCfg = Release|Any CPU
		{78A6087C-18D8-4BC2-80D3-9EB3199F5BF6}.Release|Any CPU.Build.0 = Release|Any CPU
		{63F970C8-991E-4AE8-833F-5E44D6AE8242}.Debug|Any CPU.ActiveCfg = Debug|Any CPU
		{63F970C8-991E-4AE8-833F-5E44D6AE8242}.Debug|Any CPU.Build.0 = Debug|Any CPU
		{63F970C8-991E-4AE8-833F-5E44D6AE8242}.Release|Any CPU.ActiveCfg = Release|Any CPU
		{63F970C8-991E-4AE8-833F-5E44D6AE8242}.Release|Any CPU.Build.0 = Release|Any CPU
		{77A70068-BFD8-4673-BB62-5B3EECA5E917}.Debug|Any CPU.ActiveCfg = Debug|Any CPU
		{77A70068-BFD8-4673-BB62-5B3EECA5E917}.Debug|Any CPU.Build.0 = Debug|Any CPU
		{77A70068-BFD8-4673-BB62-5B3EECA5E917}.Release|Any CPU.ActiveCfg = Release|Any CPU
		{77A70068-BFD8-4673-BB62-5B3EECA5E917}.Release|Any CPU.Build.0 = Release|Any CPU
		{90853984-759B-4560-9C43-1D60D47EC722}.Debug|Any CPU.ActiveCfg = Debug|Any CPU
		{90853984-759B-4560-9C43-1D60D47EC722}.Debug|Any CPU.Build.0 = Debug|Any CPU
		{90853984-759B-4560-9C43-1D60D47EC722}.Release|Any CPU.ActiveCfg = Release|Any CPU
		{90853984-759B-4560-9C43-1D60D47EC722}.Release|Any CPU.Build.0 = Release|Any CPU
		{004AEC76-E0B9-4D51-92CE-5D47DE24713A}.Debug|Any CPU.ActiveCfg = Debug|Any CPU
		{004AEC76-E0B9-4D51-92CE-5D47DE24713A}.Debug|Any CPU.Build.0 = Debug|Any CPU
		{004AEC76-E0B9-4D51-92CE-5D47DE24713A}.Release|Any CPU.ActiveCfg = Release|Any CPU
		{004AEC76-E0B9-4D51-92CE-5D47DE24713A}.Release|Any CPU.Build.0 = Release|Any CPU
		{18C80FFD-01EB-4FCD-BB56-57008302201D}.Debug|Any CPU.ActiveCfg = Debug|Any CPU
		{18C80FFD-01EB-4FCD-BB56-57008302201D}.Debug|Any CPU.Build.0 = Debug|Any CPU
		{18C80FFD-01EB-4FCD-BB56-57008302201D}.Release|Any CPU.ActiveCfg = Release|Any CPU
		{18C80FFD-01EB-4FCD-BB56-57008302201D}.Release|Any CPU.Build.0 = Release|Any CPU
		{10D30485-A915-44E2-B00D-0FD69F05690C}.Debug|Any CPU.ActiveCfg = Debug|Any CPU
		{10D30485-A915-44E2-B00D-0FD69F05690C}.Debug|Any CPU.Build.0 = Debug|Any CPU
		{10D30485-A915-44E2-B00D-0FD69F05690C}.Release|Any CPU.ActiveCfg = Release|Any CPU
		{10D30485-A915-44E2-B00D-0FD69F05690C}.Release|Any CPU.Build.0 = Release|Any CPU
		{868FFF06-99A5-4DEC-8DC2-70CBF8CE16DC}.Debug|Any CPU.ActiveCfg = Debug|Any CPU
		{868FFF06-99A5-4DEC-8DC2-70CBF8CE16DC}.Debug|Any CPU.Build.0 = Debug|Any CPU
		{868FFF06-99A5-4DEC-8DC2-70CBF8CE16DC}.Release|Any CPU.ActiveCfg = Release|Any CPU
		{868FFF06-99A5-4DEC-8DC2-70CBF8CE16DC}.Release|Any CPU.Build.0 = Release|Any CPU
		{F258B40D-2188-4054-9996-51AD5A14740B}.Debug|Any CPU.ActiveCfg = Debug|Any CPU
		{F258B40D-2188-4054-9996-51AD5A14740B}.Debug|Any CPU.Build.0 = Debug|Any CPU
		{F258B40D-2188-4054-9996-51AD5A14740B}.Release|Any CPU.ActiveCfg = Release|Any CPU
		{F258B40D-2188-4054-9996-51AD5A14740B}.Release|Any CPU.Build.0 = Release|Any CPU
		{B4EFE186-AA8F-47BB-8496-2D6D93B593DE}.Debug|Any CPU.ActiveCfg = Debug|Any CPU
		{B4EFE186-AA8F-47BB-8496-2D6D93B593DE}.Debug|Any CPU.Build.0 = Debug|Any CPU
		{B4EFE186-AA8F-47BB-8496-2D6D93B593DE}.Release|Any CPU.ActiveCfg = Release|Any CPU
		{B4EFE186-AA8F-47BB-8496-2D6D93B593DE}.Release|Any CPU.Build.0 = Release|Any CPU
		{E40B139D-389F-4975-B55F-B2D7DEFAA473}.Debug|Any CPU.ActiveCfg = Debug|Any CPU
		{E40B139D-389F-4975-B55F-B2D7DEFAA473}.Debug|Any CPU.Build.0 = Debug|Any CPU
		{E40B139D-389F-4975-B55F-B2D7DEFAA473}.Release|Any CPU.ActiveCfg = Release|Any CPU
		{E40B139D-389F-4975-B55F-B2D7DEFAA473}.Release|Any CPU.Build.0 = Release|Any CPU
		{CB5BBD1B-CE75-4306-A1A7-FEA7E105BDDF}.Debug|Any CPU.ActiveCfg = Debug|Any CPU
		{CB5BBD1B-CE75-4306-A1A7-FEA7E105BDDF}.Debug|Any CPU.Build.0 = Debug|Any CPU
		{CB5BBD1B-CE75-4306-A1A7-FEA7E105BDDF}.Release|Any CPU.ActiveCfg = Release|Any CPU
		{CB5BBD1B-CE75-4306-A1A7-FEA7E105BDDF}.Release|Any CPU.Build.0 = Release|Any CPU
		{C6B3B5C4-6564-4180-B18B-2845ACD9C111}.Debug|Any CPU.ActiveCfg = Debug|Any CPU
		{C6B3B5C4-6564-4180-B18B-2845ACD9C111}.Debug|Any CPU.Build.0 = Debug|Any CPU
		{C6B3B5C4-6564-4180-B18B-2845ACD9C111}.Release|Any CPU.ActiveCfg = Release|Any CPU
		{C6B3B5C4-6564-4180-B18B-2845ACD9C111}.Release|Any CPU.Build.0 = Release|Any CPU
		{B40C43A9-D199-46B0-8D3B-2D93BC1ECE2B}.Debug|Any CPU.ActiveCfg = Debug|Any CPU
		{B40C43A9-D199-46B0-8D3B-2D93BC1ECE2B}.Debug|Any CPU.Build.0 = Debug|Any CPU
		{B40C43A9-D199-46B0-8D3B-2D93BC1ECE2B}.Release|Any CPU.ActiveCfg = Release|Any CPU
		{B40C43A9-D199-46B0-8D3B-2D93BC1ECE2B}.Release|Any CPU.Build.0 = Release|Any CPU
		{D3B8C47A-DA92-4825-B1D7-BEC8D0756A62}.Debug|Any CPU.ActiveCfg = Debug|Any CPU
		{D3B8C47A-DA92-4825-B1D7-BEC8D0756A62}.Debug|Any CPU.Build.0 = Debug|Any CPU
		{D3B8C47A-DA92-4825-B1D7-BEC8D0756A62}.Release|Any CPU.ActiveCfg = Release|Any CPU
		{D3B8C47A-DA92-4825-B1D7-BEC8D0756A62}.Release|Any CPU.Build.0 = Release|Any CPU
		{CAA3990A-639A-46AB-95C7-B17211CE9F66}.Debug|Any CPU.ActiveCfg = Debug|Any CPU
		{CAA3990A-639A-46AB-95C7-B17211CE9F66}.Debug|Any CPU.Build.0 = Debug|Any CPU
		{CAA3990A-639A-46AB-95C7-B17211CE9F66}.Release|Any CPU.ActiveCfg = Release|Any CPU
		{CAA3990A-639A-46AB-95C7-B17211CE9F66}.Release|Any CPU.Build.0 = Release|Any CPU
		{69F84504-6ACF-4C9D-824B-0D88E6543B8A}.Debug|Any CPU.ActiveCfg = Debug|Any CPU
		{69F84504-6ACF-4C9D-824B-0D88E6543B8A}.Debug|Any CPU.Build.0 = Debug|Any CPU
		{69F84504-6ACF-4C9D-824B-0D88E6543B8A}.Release|Any CPU.ActiveCfg = Release|Any CPU
		{69F84504-6ACF-4C9D-824B-0D88E6543B8A}.Release|Any CPU.Build.0 = Release|Any CPU
		{27373D50-6967-4CF3-BF0A-E00015D5D37F}.Debug|Any CPU.ActiveCfg = Debug|Any CPU
		{27373D50-6967-4CF3-BF0A-E00015D5D37F}.Debug|Any CPU.Build.0 = Debug|Any CPU
		{27373D50-6967-4CF3-BF0A-E00015D5D37F}.Release|Any CPU.ActiveCfg = Release|Any CPU
		{27373D50-6967-4CF3-BF0A-E00015D5D37F}.Release|Any CPU.Build.0 = Release|Any CPU
		{0FAE1EA9-2962-4B40-83F8-DF00ACC0C4D5}.Debug|Any CPU.ActiveCfg = Debug|Any CPU
		{0FAE1EA9-2962-4B40-83F8-DF00ACC0C4D5}.Debug|Any CPU.Build.0 = Debug|Any CPU
		{0FAE1EA9-2962-4B40-83F8-DF00ACC0C4D5}.Release|Any CPU.ActiveCfg = Release|Any CPU
		{0FAE1EA9-2962-4B40-83F8-DF00ACC0C4D5}.Release|Any CPU.Build.0 = Release|Any CPU
		{0CF71622-0BD7-4B77-AB2C-A70A75A2BB2B}.Debug|Any CPU.ActiveCfg = Debug|Any CPU
		{0CF71622-0BD7-4B77-AB2C-A70A75A2BB2B}.Debug|Any CPU.Build.0 = Debug|Any CPU
		{0CF71622-0BD7-4B77-AB2C-A70A75A2BB2B}.Release|Any CPU.ActiveCfg = Release|Any CPU
		{0CF71622-0BD7-4B77-AB2C-A70A75A2BB2B}.Release|Any CPU.Build.0 = Release|Any CPU
		{784C2B3B-061B-4D43-8C6B-B8710829F5AA}.Debug|Any CPU.ActiveCfg = Debug|Any CPU
		{784C2B3B-061B-4D43-8C6B-B8710829F5AA}.Debug|Any CPU.Build.0 = Debug|Any CPU
		{784C2B3B-061B-4D43-8C6B-B8710829F5AA}.Release|Any CPU.ActiveCfg = Release|Any CPU
		{784C2B3B-061B-4D43-8C6B-B8710829F5AA}.Release|Any CPU.Build.0 = Release|Any CPU
		{37B13845-D0E4-441F-AC6B-DE0B651692BF}.Debug|Any CPU.ActiveCfg = Debug|Any CPU
		{37B13845-D0E4-441F-AC6B-DE0B651692BF}.Debug|Any CPU.Build.0 = Debug|Any CPU
		{37B13845-D0E4-441F-AC6B-DE0B651692BF}.Release|Any CPU.ActiveCfg = Release|Any CPU
		{37B13845-D0E4-441F-AC6B-DE0B651692BF}.Release|Any CPU.Build.0 = Release|Any CPU
		{ECEABA12-5900-4717-88BD-3CEFFD26FCED}.Debug|Any CPU.ActiveCfg = Debug|Any CPU
		{ECEABA12-5900-4717-88BD-3CEFFD26FCED}.Debug|Any CPU.Build.0 = Debug|Any CPU
		{ECEABA12-5900-4717-88BD-3CEFFD26FCED}.Release|Any CPU.ActiveCfg = Release|Any CPU
		{ECEABA12-5900-4717-88BD-3CEFFD26FCED}.Release|Any CPU.Build.0 = Release|Any CPU
		{764DE5F0-F791-4044-9AC1-BC9E30D1865C}.Debug|Any CPU.ActiveCfg = Debug|Any CPU
		{764DE5F0-F791-4044-9AC1-BC9E30D1865C}.Debug|Any CPU.Build.0 = Debug|Any CPU
		{764DE5F0-F791-4044-9AC1-BC9E30D1865C}.Release|Any CPU.ActiveCfg = Release|Any CPU
		{764DE5F0-F791-4044-9AC1-BC9E30D1865C}.Release|Any CPU.Build.0 = Release|Any CPU
		{83A9BEC5-FB29-4FF9-A0C1-4A1D67730EDE}.Debug|Any CPU.ActiveCfg = Debug|Any CPU
		{83A9BEC5-FB29-4FF9-A0C1-4A1D67730EDE}.Debug|Any CPU.Build.0 = Debug|Any CPU
		{83A9BEC5-FB29-4FF9-A0C1-4A1D67730EDE}.Release|Any CPU.ActiveCfg = Release|Any CPU
		{83A9BEC5-FB29-4FF9-A0C1-4A1D67730EDE}.Release|Any CPU.Build.0 = Release|Any CPU
	EndGlobalSection
	GlobalSection(SolutionProperties) = preSolution
		HideSolutionNode = FALSE
	EndGlobalSection
	GlobalSection(ExtensibilityGlobals) = postSolution
		SolutionGuid = {5CDDB420-7C81-4C0B-B135-9E9A447D982B}
	EndGlobalSection
EndGlobal
